# THIS IS AN AUTOGENERATED FILE. DO NOT EDIT THIS FILE DIRECTLY.
# yarn lockfile v1


react-unity-webgl@^9.0.3:
  version "9.0.3"
  resolved "https://registry.yarnpkg.com/react-unity-webgl/-/react-unity-webgl-9.0.3.tgz#59df976618032b20927679a1261da2b08c41c6f3"
  integrity sha512-PWETSpzdQis+Txu7Wlm9riXqolN8Pwz8EbwBPQs8cVZ42jPkZ/KgcN7geD5TLE73UYQkghZd9NFOPlGomTIKqQ==
